Microsoft Visual Studio Solution File, Format Version 12.00
# Visual Studio Version 17
VisualStudioVersion = 17.5.2.0
MinimumVisualStudioVersion = 10.0.40219.1
Project("{FAE04EC0-301F-11D3-BF4B-00C04F79EFBC}") = "ValeAtivos32427421", "ValeAtivos32427421.csproj", "{A21AB072-065D-D0F1-E8B2-67CE178FFF62}"
EndProject
Global
	GlobalSection(SolutionConfigurationPlatforms) = preSolution
		Debug|Any CPU = Debug|Any CPU
		Release|Any CPU = Release|Any CPU
	EndGlobalSection
	GlobalSection(ProjectConfigurationPlatforms) = postSolution
		{A21AB072-065D-D0F1-E8B2-67CE178FFF62}.Debug|Any CPU.ActiveCfg = Debug|Any CPU
		{A21AB072-065D-D0F1-E8B2-67CE178FFF62}.Debug|Any CPU.Build.0 = Debug|Any CPU
		{A21AB072-065D-D0F1-E8B2-67CE178FFF62}.Release|Any CPU.ActiveCfg = Release|Any CPU
		{A21AB072-065D-D0F1-E8B2-67CE178FFF62}.Release|Any CPU.Build.0 = Release|Any CPU
	EndGlobalSection
	GlobalSection(SolutionProperties) = preSolution
		HideSolutionNode = FALSE
	EndGlobalSection
	GlobalSection(ExtensibilityGlobals) = postSolution
		SolutionGuid = {496B83F9-9005-4C0E-99DB-379D42CB3B17}
	EndGlobalSection
EndGlobal
